
Microsoft Visual Studio Solution File, Format Version 12.00
Project("{FAE04EC0-301F-11D3-BF4B-00C04F79EFBC}") = "FunnyRouletteConsole", "FunnyRouletteConsole\FunnyRouletteConsole.csproj", "{2DFE3345-D611-4FDC-977C-E921E81A2519}"
EndProject
Project("{FAE04EC0-301F-11D3-BF4B-00C04F79EFBC}") = "FunnyRouletteWPF", "FunnyRouletteWPF\FunnyRouletteWPF.csproj", "{EA254F06-5B11-4416-8FC5-6E1A6D9B29C3}"
EndProject
Project("{FAE04EC0-301F-11D3-BF4B-00C04F79EFBC}") = "FunnyRouletteCore", "FunnyRouletteCore\FunnyRouletteCore.csproj", "{5C21F8B1-55B8-4F90-BC23-3D7A621D9640}"
EndProject
Global
	GlobalSection(SolutionConfigurationPlatforms) = preSolution
		Debug|Any CPU = Debug|Any CPU
		Release|Any CPU = Release|Any CPU
	EndGlobalSection
	GlobalSection(ProjectConfigurationPlatforms) = postSolution
		{2DFE3345-D611-4FDC-977C-E921E81A2519}.Debug|Any CPU.ActiveCfg = Debug|Any CPU
		{2DFE3345-D611-4FDC-977C-E921E81A2519}.Debug|Any CPU.Build.0 = Debug|Any CPU
		{2DFE3345-D611-4FDC-977C-E921E81A2519}.Release|Any CPU.ActiveCfg = Release|Any CPU
		{2DFE3345-D611-4FDC-977C-E921E81A2519}.Release|Any CPU.Build.0 = Release|Any CPU
		{EA254F06-5B11-4416-8FC5-6E1A6D9B29C3}.Debug|Any CPU.ActiveCfg = Debug|Any CPU
		{EA254F06-5B11-4416-8FC5-6E1A6D9B29C3}.Debug|Any CPU.Build.0 = Debug|Any CPU
		{EA254F06-5B11-4416-8FC5-6E1A6D9B29C3}.Release|Any CPU.ActiveCfg = Release|Any CPU
		{EA254F06-5B11-4416-8FC5-6E1A6D9B29C3}.Release|Any CPU.Build.0 = Release|Any CPU
		{5C21F8B1-55B8-4F90-BC23-3D7A621D9640}.Debug|Any CPU.ActiveCfg = Debug|Any CPU
		{5C21F8B1-55B8-4F90-BC23-3D7A621D9640}.Debug|Any CPU.Build.0 = Debug|Any CPU
		{5C21F8B1-55B8-4F90-BC23-3D7A621D9640}.Release|Any CPU.ActiveCfg = Release|Any CPU
		{5C21F8B1-55B8-4F90-BC23-3D7A621D9640}.Release|Any CPU.Build.0 = Release|Any CPU
	EndGlobalSection
EndGlobal
